// !$*UTF8*$!
{
	archiveVersion = 1;
	classes = {
	};
	objectVersion = 77;
	objects = {

/* Begin PBXBuildFile section */
		9B84F6812E0EF6E00010D873 /* RealityKitContent in Frameworks */ = {isa = PBXBuildFile; productRef = 9B84F6802E0EF6E00010D873 /* RealityKitContent */; };
/* End PBXBuildFile section */

/* Begin PBXContainerItemProxy section */
		9B84F6942E0EF6E10010D873 /* PBXContainerItemProxy */ = {
			isa = PBXContainerItemProxy;
			containerPortal = 9B84F6732E0EF6DF0010D873 /* Project object */;
			proxyType = 1;
			remoteGlobalIDString = 9B84F67A2E0EF6E00010D873;
			remoteInfo = "lerobot-teleopeartor";
		};
/* End PBXContainerItemProxy section */

/* Begin PBXFileReference section */
		9B84F67B2E0EF6E00010D873 /* lerobot-teleopeartor.app */ = {isa = PBXFileReference; explicitFileType = wrapper.application; includeInIndex = 0; path = "lerobot-teleopeartor.app"; sourceTree = BUILT_PRODUCTS_DIR; };
		9B84F67F2E0EF6E00010D873 /* RealityKitContent */ = {isa = PBXFileReference; lastKnownFileType = wrapper; path = RealityKitContent; sourceTree = "<group>"; };
		9B84F6932E0EF6E10010D873 /* lerobot-teleopeartorTests.xctest */ = {isa = PBXFileReference; explicitFileType = wrapper.cfbundle; includeInIndex = 0; path = "lerobot-teleopeartorTests.xctest"; sourceTree = BUILT_PRODUCTS_DIR; };
/* End PBXFileReference section */

/* Begin PBXFileSystemSynchronizedBuildFileExceptionSet section */
		9B84F6992E0EF6E10010D873 /* Exceptions for "lerobot-teleopeartor" folder in "lerobot-teleopeartor" target */ = {
			isa = PBXFileSystemSynchronizedBuildFileExceptionSet;
			membershipExceptions = (
				Info.plist,
			);
			target = 9B84F67A2E0EF6E00010D873 /* lerobot-teleopeartor */;
		};
/* End PBXFileSystemSynchronizedBuildFileExceptionSet section */

/* Begin PBXFileSystemSynchronizedRootGroup section */
		9B84F67D2E0EF6E00010D873 /* lerobot-teleopeartor */ = {
			isa = PBXFileSystemSynchronizedRootGroup;
			exceptions = (
				9B84F6992E0EF6E10010D873 /* Exceptions for "lerobot-teleopeartor" folder in "lerobot-teleopeartor" target */,
			);
			path = "lerobot-teleopeartor";
			sourceTree = "<group>";
		};
		9B84F6962E0EF6E10010D873 /* lerobot-teleopeartorTests */ = {
			isa = PBXFileSystemSynchronizedRootGroup;
			path = "lerobot-teleopeartorTests";
			sourceTree = "<group>";
		};
/* End PBXFileSystemSynchronizedRootGroup section */

/* Begin PBXFrameworksBuildPhase section */
		9B84F6782E0EF6E00010D873 /* Frameworks */ = {
			isa = PBXFrameworksBuildPhase;
			buildActionMask = 2147483647;
			files = (
				9B84F6812E0EF6E00010D873 /* RealityKitContent in Frameworks */,
			);
			runOnlyForDeploymentPostprocessing = 0;
		};
		9B84F6902E0EF6E10010D873 /* Frameworks */ = {
			isa = PBXFrameworksBuildPhase;
			buildActionMask = 2147483647;
			files = (
			);
			runOnlyForDeploymentPostprocessing = 0;
		};
/* End PBXFrameworksBuildPhase section */

/* Begin PBXGroup section */
		9B84F6722E0EF6DF0010D873 = {
			isa = PBXGroup;
			children = (
				9B84F67D2E0EF6E00010D873 /* lerobot-teleopeartor */,
				9B84F67E2E0EF6E00010D873 /* Packages */,
				9B84F6962E0EF6E10010D873 /* lerobot-teleopeartorTests */,
				9B84F67C2E0EF6E00010D873 /* Products */,
			);
			sourceTree = "<group>";
		};
		9B84F67C2E0EF6E00010D873 /* Products */ = {
			isa = PBXGroup;
			children = (
				9B84F67B2E0EF6E00010D873 /* lerobot-teleopeartor.app */,
				9B84F6932E0EF6E10010D873 /* lerobot-teleopeartorTests.xctest */,
			);
			name = Products;
			sourceTree = "<group>";
		};
		9B84F67E2E0EF6E00010D873 /* Packages */ = {
			isa = PBXGroup;
			children = (
				9B84F67F2E0EF6E00010D873 /* RealityKitContent */,
			);
			path = Packages;
			sourceTree = "<group>";
		};
/* End PBXGroup section */

/* Begin PBXNativeTarget section */
		9B84F67A2E0EF6E00010D873 /* lerobot-teleopeartor */ = {
			isa = PBXNativeTarget;
			buildConfigurationList = 9B84F69A2E0EF6E10010D873 /* Build configuration list for PBXNativeTarget "lerobot-teleopeartor" */;
			buildPhases = (
				9B84F6772E0EF6E00010D873 /* Sources */,
				9B84F6782E0EF6E00010D873 /* Frameworks */,
				9B84F6792E0EF6E00010D873 /* Resources */,
			);
			buildRules = (
			);
			dependencies = (
			);
			fileSystemSynchronizedGroups = (
				9B84F67D2E0EF6E00010D873 /* lerobot-teleopeartor */,
			);
			name = "lerobot-teleopeartor";
			packageProductDependencies = (
				9B84F6802E0EF6E00010D873 /* RealityKitContent */,
			);
			productName = "lerobot-teleopeartor";
			productReference = 9B84F67B2E0EF6E00010D873 /* lerobot-teleopeartor.app */;
			productType = "com.apple.product-type.application";
		};
		9B84F6922E0EF6E10010D873 /* lerobot-teleopeartorTests */ = {
			isa = PBXNativeTarget;
			buildConfigurationList = 9B84F69F2E0EF6E10010D873 /* Build configuration list for PBXNativeTarget "lerobot-teleopeartorTests" */;
			buildPhases = (
				9B84F68F2E0EF6E10010D873 /* Sources */,
				9B84F6902E0EF6E10010D873 /* Frameworks */,
				9B84F6912E0EF6E10010D873 /* Resources */,
			);
			buildRules = (
			);
			dependencies = (
				9B84F6952E0EF6E10010D873 /* PBXTargetDependency */,
			);
			fileSystemSynchronizedGroups = (
				9B84F6962E0EF6E10010D873 /* lerobot-teleopeartorTests */,
			);
			name = "lerobot-teleopeartorTests";
			packageProductDependencies = (
			);
			productName = "lerobot-teleopeartorTests";
			productReference = 9B84F6932E0EF6E10010D873 /* lerobot-teleopeartorTests.xctest */;
			productType = "com.apple.product-type.bundle.unit-test";
		};
/* End PBXNativeTarget section */

/* Begin PBXProject section */
		9B84F6732E0EF6DF0010D873 /* Project object */ = {
			isa = PBXProject;
			attributes = {
				BuildIndependentTargetsInParallel = 1;
				LastSwiftUpdateCheck = 1640;
				LastUpgradeCheck = 1640;
				TargetAttributes = {
					9B84F67A2E0EF6E00010D873 = {
						CreatedOnToolsVersion = 16.4;
					};
					9B84F6922E0EF6E10010D873 = {
						CreatedOnToolsVersion = 16.4;
						TestTargetID = 9B84F67A2E0EF6E00010D873;
					};
				};
			};
			buildConfigurationList = 9B84F6762E0EF6E00010D873 /* Build configuration list for PBXProject "lerobot-teleopeartor" */;
			developmentRegion = en;
			hasScannedForEncodings = 0;
			knownRegions = (
				en,
				Base,
			);
			mainGroup = 9B84F6722E0EF6DF0010D873;
			minimizedProjectReferenceProxies = 1;
			preferredProjectObjectVersion = 77;
			productRefGroup = 9B84F67C2E0EF6E00010D873 /* Products */;
			projectDirPath = "";
			projectRoot = "";
			targets = (
				9B84F67A2E0EF6E00010D873 /* lerobot-teleopeartor */,
				9B84F6922E0EF6E10010D873 /* lerobot-teleopeartorTests */,
			);
		};
/* End PBXProject section */

/* Begin PBXResourcesBuildPhase section */
		9B84F6792E0EF6E00010D873 /* Resources */ = {
			isa = PBXResourcesBuildPhase;
			buildActionMask = 2147483647;
			files = (
			);
			runOnlyForDeploymentPostprocessing = 0;
		};
		9B84F6912E0EF6E10010D873 /* Resources */ = {
			isa = PBXResourcesBuildPhase;
			buildActionMask = 2147483647;
			files = (
			);
			runOnlyForDeploymentPostprocessing = 0;
		};
/* End PBXResourcesBuildPhase section */

/* Begin PBXSourcesBuildPhase section */
		9B84F6772E0EF6E00010D873 /* Sources */ = {
			isa = PBXSourcesBuildPhase;
			buildActionMask = 2147483647;
			files = (
			);
			runOnlyForDeploymentPostprocessing = 0;
		};
		9B84F68F2E0EF6E10010D873 /* Sources */ = {
			isa = PBXSourcesBuildPhase;
			buildActionMask = 2147483647;
			files = (
			);
			runOnlyForDeploymentPostprocessing = 0;
		};
/* End PBXSourcesBuildPhase section */

/* Begin PBXTargetDependency section */
		9B84F6952E0EF6E10010D873 /* PBXTargetDependency */ = {
			isa = PBXTargetDependency;
			target = 9B84F67A2E0EF6E00010D873 /* lerobot-teleopeartor */;
			targetProxy = 9B84F6942E0EF6E10010D873 /* PBXContainerItemProxy */;
		};
/* End PBXTargetDependency section */

/* Begin XCBuildConfiguration section */
		9B84F69B2E0EF6E10010D873 /* Debug */ = {
			isa = XCBuildConfiguration;
			buildSettings = {
				ASSETCATALOG_COMPILER_APPICON_NAME = AppIcon;
				ASSETCATALOG_COMPILER_GLOBAL_ACCENT_COLOR_NAME = AccentColor;
				CODE_SIGN_STYLE = Automatic;
				CURRENT_PROJECT_VERSION = 1;
				ENABLE_PREVIEWS = YES;
				GENERATE_INFOPLIST_FILE = YES;
				INFOPLIST_FILE = "$(TARGET_NAME)/Info.plist";
				LD_RUNPATH_SEARCH_PATHS = (
					"$(inherited)",
					"@executable_path/Frameworks",
				);
				MARKETING_VERSION = 1.0;
				PRODUCT_BUNDLE_IDENTIFIER = "sudoremove.lerobot-teleopeartor";
				PRODUCT_NAME = "$(TARGET_NAME)";
				SUPPORTED_PLATFORMS = "xros xrsimulator";
				SWIFT_EMIT_LOC_STRINGS = YES;
				SWIFT_VERSION = 5.0;
				TARGETED_DEVICE_FAMILY = 7;
			};
			name = Debug;
		};
		9B84F69C2E0EF6E10010D873 /* Release */ = {
			isa = XCBuildConfiguration;
			buildSettings = {
				ASSETCATALOG_COMPILER_APPICON_NAME = AppIcon;
				ASSETCATALOG_COMPILER_GLOBAL_ACCENT_COLOR_NAME = AccentColor;
				CODE_SIGN_STYLE = Automatic;
				CURRENT_PROJECT_VERSION = 1;
				ENABLE_PREVIEWS = YES;
				GENERATE_INFOPLIST_FILE = YES;
				INFOPLIST_FILE = "$(TARGET_NAME)/Info.plist";
				LD_RUNPATH_SEARCH_PATHS = (
					"$(inherited)",
					"@executable_path/Frameworks",
				);
				MARKETING_VERSION = 1.0;
				PRODUCT_BUNDLE_IDENTIFIER = "sudoremove.lerobot-teleopeartor";
				PRODUCT_NAME = "$(TARGET_NAME)";
				SUPPORTED_PLATFORMS = "xros xrsimulator";
				SWIFT_EMIT_LOC_STRINGS = YES;
				SWIFT_VERSION = 5.0;
				TARGETED_DEVICE_FAMILY = 7;
			};
			name = Release;
		};
		9B84F69D2E0EF6E10010D873 /* Debug */ = {
			isa = XCBuildConfiguration;
			buildSettings = {
				ALWAYS_SEARCH_USER_PATHS = NO;
				ASSETCATALOG_COMPILER_GENERATE_SWIFT_ASSET_SYMBOL_EXTENSIONS = YES;
				CLANG_ANALYZER_NONNULL = YES;
				CLANG_ANALYZER_NUMBER_OBJECT_CONVERSION = YES_AGGRESSIVE;
				CLANG_CXX_LANGUAGE_STANDARD = "gnu++20";
				CLANG_ENABLE_MODULES = YES;
				CLANG_ENABLE_OBJC_ARC = YES;
				CLANG_ENABLE_OBJC_WEAK = YES;
				CLANG_WARN_BLOCK_CAPTURE_AUTORELEASING = YES;
				CLANG_WARN_BOOL_CONVERSION = YES;
				CLANG_WARN_COMMA = YES;
				CLANG_WARN_CONSTANT_CONVERSION = YES;
				CLANG_WARN_DEPRECATED_OBJC_IMPLEMENTATIONS = YES;
				CLANG_WARN_DIRECT_OBJC_ISA_USAGE = YES_ERROR;
				CLANG_WARN_DOCUMENTATION_COMMENTS = YES;
				CLANG_WARN_EMPTY_BODY = YES;
				CLANG_WARN_ENUM_CONVERSION = YES;
				CLANG_WARN_INFINITE_RECURSION = YES;
				CLANG_WARN_INT_CONVERSION = YES;
				CLANG_WARN_NON_LITERAL_NULL_CONVERSION = YES;
				CLANG_WARN_OBJC_IMPLICIT_RETAIN_SELF = YES;
				CLANG_WARN_OBJC_LITERAL_CONVERSION = YES;
				CLANG_WARN_OBJC_ROOT_CLASS = YES_ERROR;
				CLANG_WARN_QUOTED_INCLUDE_IN_FRAMEWORK_HEADER = YES;
				CLANG_WARN_RANGE_LOOP_ANALYSIS = YES;
				CLANG_WARN_STRICT_PROTOTYPES = YES;
				CLANG_WARN_SUSPICIOUS_MOVE = YES;
				CLANG_WARN_UNGUARDED_AVAILABILITY = YES_AGGRESSIVE;
				CLANG_WARN_UNREACHABLE_CODE = YES;
				CLANG_WARN__DUPLICATE_METHOD_MATCH = YES;
				COPY_PHASE_STRIP = NO;
				DEBUG_INFORMATION_FORMAT = dwarf;
				ENABLE_STRICT_OBJC_MSGSEND = YES;
				ENABLE_TESTABILITY = YES;
				ENABLE_USER_SCRIPT_SANDBOXING = YES;
				GCC_C_LANGUAGE_STANDARD = gnu17;
				GCC_DYNAMIC_NO_PIC = NO;
				GCC_NO_COMMON_BLOCKS = YES;
				GCC_OPTIMIZATION_LEVEL = 0;
				GCC_PREPROCESSOR_DEFINITIONS = (
					"DEBUG=1",
					"$(inherited)",
				);
				GCC_WARN_64_TO_32_BIT_CONVERSION = YES;
				GCC_WARN_ABOUT_RETURN_TYPE = YES_ERROR;
				GCC_WARN_UNDECLARED_SELECTOR = YES;
				GCC_WARN_UNINITIALIZED_AUTOS = YES_AGGRESSIVE;
				GCC_WARN_UNUSED_FUNCTION = YES;
				GCC_WARN_UNUSED_VARIABLE = YES;
				LOCALIZATION_PREFERS_STRING_CATALOGS = YES;
				MTL_ENABLE_DEBUG_INFO = INCLUDE_SOURCE;
				MTL_FAST_MATH = YES;
				ONLY_ACTIVE_ARCH = YES;
				SDKROOT = xros;
				SWIFT_ACTIVE_COMPILATION_CONDITIONS = "DEBUG $(inherited)";
				SWIFT_OPTIMIZATION_LEVEL = "-Onone";
				XROS_DEPLOYMENT_TARGET = 2.5;
			};
			name = Debug;
		};
		9B84F69E2E0EF6E10010D873 /* Release */ = {
			isa = XCBuildConfiguration;
			buildSettings = {
				ALWAYS_SEARCH_USER_PATHS = NO;
				ASSETCATALOG_COMPILER_GENERATE_SWIFT_ASSET_SYMBOL_EXTENSIONS = YES;
				CLANG_ANALYZER_NONNULL = YES;
				CLANG_ANALYZER_NUMBER_OBJECT_CONVERSION = YES_AGGRESSIVE;
				CLANG_CXX_LANGUAGE_STANDARD = "gnu++20";
				CLANG_ENABLE_MODULES = YES;
				CLANG_ENABLE_OBJC_ARC = YES;
				CLANG_ENABLE_OBJC_WEAK = YES;
				CLANG_WARN_BLOCK_CAPTURE_AUTORELEASING = YES;
				CLANG_WARN_BOOL_CONVERSION = YES;
				CLANG_WARN_COMMA = YES;
				CLANG_WARN_CONSTANT_CONVERSION = YES;
				CLANG_WARN_DEPRECATED_OBJC_IMPLEMENTATIONS = YES;
				CLANG_WARN_DIRECT_OBJC_ISA_USAGE = YES_ERROR;
				CLANG_WARN_DOCUMENTATION_COMMENTS = YES;
				CLANG_WARN_EMPTY_BODY = YES;
				CLANG_WARN_ENUM_CONVERSION = YES;
				CLANG_WARN_INFINITE_RECURSION = YES;
				CLANG_WARN_INT_CONVERSION = YES;
				CLANG_WARN_NON_LITERAL_NULL_CONVERSION = YES;
				CLANG_WARN_OBJC_IMPLICIT_RETAIN_SELF = YES;
				CLANG_WARN_OBJC_LITERAL_CONVERSION = YES;
				CLANG_WARN_OBJC_ROOT_CLASS = YES_ERROR;
				CLANG_WARN_QUOTED_INCLUDE_IN_FRAMEWORK_HEADER = YES;
				CLANG_WARN_RANGE_LOOP_ANALYSIS = YES;
				CLANG_WARN_STRICT_PROTOTYPES = YES;
				CLANG_WARN_SUSPICIOUS_MOVE = YES;
				CLANG_WARN_UNGUARDED_AVAILABILITY = YES_AGGRESSIVE;
				CLANG_WARN_UNREACHABLE_CODE = YES;
				CLANG_WARN__DUPLICATE_METHOD_MATCH = YES;
				COPY_PHASE_STRIP = NO;
				DEBUG_INFORMATION_FORMAT = "dwarf-with-dsym";
				ENABLE_NS_ASSERTIONS = NO;
				ENABLE_STRICT_OBJC_MSGSEND = YES;
				ENABLE_USER_SCRIPT_SANDBOXING = YES;
				GCC_C_LANGUAGE_STANDARD = gnu17;
				GCC_NO_COMMON_BLOCKS = YES;
				GCC_WARN_64_TO_32_BIT_CONVERSION = YES;
				GCC_WARN_ABOUT_RETURN_TYPE = YES_ERROR;
				GCC_WARN_UNDECLARED_SELECTOR = YES;
				GCC_WARN_UNINITIALIZED_AUTOS = YES_AGGRESSIVE;
				GCC_WARN_UNUSED_FUNCTION = YES;
				GCC_WARN_UNUSED_VARIABLE = YES;
				LOCALIZATION_PREFERS_STRING_CATALOGS = YES;
				MTL_ENABLE_DEBUG_INFO = NO;
				MTL_FAST_MATH = YES;
				SDKROOT = xros;
				SWIFT_COMPILATION_MODE = wholemodule;
				VALIDATE_PRODUCT = YES;
				XROS_DEPLOYMENT_TARGET = 2.5;
			};
			name = Release;
		};
		9B84F6A02E0EF6E10010D873 /* Debug */ = {
			isa = XCBuildConfiguration;
			buildSettings = {
				BUNDLE_LOADER = "$(TEST_HOST)";
				CODE_SIGN_STYLE = Automatic;
				CURRENT_PROJECT_VERSION = 1;
				GENERATE_INFOPLIST_FILE = YES;
				MARKETING_VERSION = 1.0;
				PRODUCT_BUNDLE_IDENTIFIER = "sudoremove.lerobot-teleopeartorTests";
				PRODUCT_NAME = "$(TARGET_NAME)";
				SUPPORTED_PLATFORMS = "xros xrsimulator";
				SWIFT_EMIT_LOC_STRINGS = NO;
				SWIFT_VERSION = 5.0;
				TARGETED_DEVICE_FAMILY = 7;
				TEST_HOST = "$(BUILT_PRODUCTS_DIR)/lerobot-teleopeartor.app/$(BUNDLE_EXECUTABLE_FOLDER_PATH)/lerobot-teleopeartor";
				XROS_DEPLOYMENT_TARGET = 2.5;
			};
			name = Debug;
		};
		9B84F6A12E0EF6E10010D873 /* Release */ = {
			isa = XCBuildConfiguration;
			buildSettings = {
				BUNDLE_LOADER = "$(TEST_HOST)";
				CODE_SIGN_STYLE = Automatic;
				CURRENT_PROJECT_VERSION = 1;
				GENERATE_INFOPLIST_FILE = YES;
				MARKETING_VERSION = 1.0;
				PRODUCT_BUNDLE_IDENTIFIER = "sudoremove.lerobot-teleopeartorTests";
				PRODUCT_NAME = "$(TARGET_NAME)";
				SUPPORTED_PLATFORMS = "xros xrsimulator";
				SWIFT_EMIT_LOC_STRINGS = NO;
				SWIFT_VERSION = 5.0;
				TARGETED_DEVICE_FAMILY = 7;
				TEST_HOST = "$(BUILT_PRODUCTS_DIR)/lerobot-teleopeartor.app/$(BUNDLE_EXECUTABLE_FOLDER_PATH)/lerobot-teleopeartor";
				XROS_DEPLOYMENT_TARGET = 2.5;
			};
			name = Release;
		};
/* End XCBuildConfiguration section */

/* Begin XCConfigurationList section */
		9B84F6762E0EF6E00010D873 /* Build configuration list for PBXProject "lerobot-teleopeartor" */ = {
			isa = XCConfigurationList;
			buildConfigurations = (
				9B84F69D2E0EF6E10010D873 /* Debug */,
				9B84F69E2E0EF6E10010D873 /* Release */,
			);
			defaultConfigurationIsVisible = 0;
			defaultConfigurationName = Release;
		};
		9B84F69A2E0EF6E10010D873 /* Build configuration list for PBXNativeTarget "lerobot-teleopeartor" */ = {
			isa = XCConfigurationList;
			buildConfigurations = (
				9B84F69B2E0EF6E10010D873 /* Debug */,
				9B84F69C2E0EF6E10010D873 /* Release */,
			);
			defaultConfigurationIsVisible = 0;
			defaultConfigurationName = Release;
		};
		9B84F69F2E0EF6E10010D873 /* Build configuration list for PBXNativeTarget "lerobot-teleopeartorTests" */ = {
			isa = XCConfigurationList;
			buildConfigurations = (
				9B84F6A02E0EF6E10010D873 /* Debug */,
				9B84F6A12E0EF6E10010D873 /* Release */,
			);
			defaultConfigurationIsVisible = 0;
			defaultConfigurationName = Release;
		};
/* End XCConfigurationList section */

/* Begin XCSwiftPackageProductDependency section */
		9B84F6802E0EF6E00010D873 /* RealityKitContent */ = {
			isa = XCSwiftPackageProductDependency;
			productName = RealityKitContent;
		};
/* End XCSwiftPackageProductDependency section */
	};
	rootObject = 9B84F6732E0EF6DF0010D873 /* Project object */;
}
